
Microsoft Visual Studio Solution File, Format Version 12.00
# Visual Studio Version 17
VisualStudioVersion = 17.5.002.0
MinimumVisualStudioVersion = 10.0.40219.1
Project("{9A19103F-16F7-4668-BE54-9A1E7A4F7556}") = "dotNetApp", "dotNetApp.csproj", "{639D2383-057E-4862-8BE6-613CD80F340C}"
EndProject
Global
	GlobalSection(SolutionConfigurationPlatforms) = preSolution
		Debug|Any CPU = Debug|Any CPU
		Release|Any CPU = Release|Any CPU
	EndGlobalSection
	GlobalSection(ProjectConfigurationPlatforms) = postSolution
		{639D2383-057E-4862-8BE6-613CD80F340C}.Debug|Any CPU.ActiveCfg = Debug|Any CPU
		{639D2383-057E-4862-8BE6-613CD80F340C}.Debug|Any CPU.Build.0 = Debug|Any CPU
		{639D2383-057E-4862-8BE6-613CD80F340C}.Release|Any CPU.ActiveCfg = Release|Any CPU
		{639D2383-057E-4862-8BE6-613CD80F340C}.Release|Any CPU.Build.0 = Release|Any CPU
	EndGlobalSection
	GlobalSection(SolutionProperties) = preSolution
		HideSolutionNode = FALSE
	EndGlobalSection
	GlobalSection(ExtensibilityGlobals) = postSolution
		SolutionGuid = {B3C8040B-9186-4935-A8FF-17775AB48949}
	EndGlobalSection
EndGlobal
